
Microsoft Visual Studio Solution File, Format Version 12.00
# Visual Studio Version 16
VisualStudioVersion = 16.0.31515.178
MinimumVisualStudioVersion = 10.0.40219.1
Project("{FAE04EC0-301F-11D3-BF4B-00C04F79EFBC}") = "UserLogin", "UserLogin\UserLogin.csproj", "{555D6E7C-D637-4FA4-AFE7-EC0AFC6BDFC1}"
EndProject
Global
	GlobalSection(SolutionConfigurationPlatforms) = preSolution
		Debug|Any CPU = Debug|Any CPU
		Release|Any CPU = Release|Any CPU
	EndGlobalSection
	GlobalSection(ProjectConfigurationPlatforms) = postSolution
		{555D6E7C-D637-4FA4-AFE7-EC0AFC6BDFC1}.Debug|Any CPU.ActiveCfg = Debug|Any CPU
		{555D6E7C-D637-4FA4-AFE7-EC0AFC6BDFC1}.Debug|Any CPU.Build.0 = Debug|Any CPU
		{555D6E7C-D637-4FA4-AFE7-EC0AFC6BDFC1}.Release|Any CPU.ActiveCfg = Release|Any CPU
		{555D6E7C-D637-4FA4-AFE7-EC0AFC6BDFC1}.Release|Any CPU.Build.0 = Release|Any CPU
	EndGlobalSection
	GlobalSection(SolutionProperties) = preSolution
		HideSolutionNode = FALSE
	EndGlobalSection
	GlobalSection(ExtensibilityGlobals) = postSolution
		SolutionGuid = {1647492A-42FB-47DA-AD22-567820C207D3}
	EndGlobalSection
EndGlobal
